{
    "_readme": [
        "This file locks the dependencies of your project to a known state",
        "Read more about it at https://getcomposer.org/doc/01-basic-usage.md#installing-dependencies",
        "This file is @generated automatically"
    ],
    "content-hash": "4e1a4aedb0892368eb5fb82e450426d5",
    "packages": [
        {
            "name": "appsero/client",
            "version": "v1.2.0",
            "source": {
                "type": "git",
                "url": "https://github.com/Appsero/client.git",
                "reference": "5c3fdc4945c8680bca6fb01eee1ec5dc4f22de87"
            },
            "dist": {
                "type": "zip",
                "url": "https://api.github.com/repos/Appsero/client/zipball/5c3fdc4945c8680bca6fb01eee1ec5dc4f22de87",
                "reference": "5c3fdc4945c8680bca6fb01eee1ec5dc4f22de87",
                "shasum": ""
            },
            "require": {
                "php": ">=5.3"
            },
            "type": "library",
            "autoload": {
                "psr-4": {
                    "Appsero\\": "src/"
                }
            },
            "notification-url": "https://packagist.org/downloads/",
            "license": [
                "MIT"
            ],
            "authors": [
                {
                    "name": "Tareq Hasan",
                    "email": "tareq@appsero.com"
                }
            ],
            "description": "Appsero Client",
            "keywords": [
                "analytics",
                "plugin",
                "theme",
                "wordpress"
            ],
            "support": {
                "issues": "https://github.com/Appsero/client/issues",
                "source": "https://github.com/Appsero/client/tree/v1.2.0"
            },
            "time": "2020-09-10T09:10:28+00:00"
        },
        {
            "name": "nubs/random-name-generator",
            "version": "v2.2.0",
            "source": {
                "type": "git",
                "url": "https://github.com/nubs/random-name-generator.git",
                "reference": "50abf24519badc5795a43c831f1d2a1faa45cb77"
            },
            "dist": {
                "type": "zip",
                "url": "https://api.github.com/repos/nubs/random-name-generator/zipball/50abf24519badc5795a43c831f1d2a1faa45cb77",
                "reference": "50abf24519badc5795a43c831f1d2a1faa45cb77",
                "shasum": ""
            },
            "require": {
                "php": "~5.6 || ~7.0 || ~8.0"
            },
            "require-dev": {
                "cinam/randomizer": ">=1.1.1,<2.0",
                "php-coveralls/php-coveralls": "~2.4",
                "phpunit/phpunit": "^5.0 || ^6.5 || ^7.0 || ^9.0",
                "squizlabs/php_codesniffer": "~2.3"
            },
            "type": "library",
            "autoload": {
                "psr-4": {
                    "Nubs\\RandomNameGenerator\\": "src"
                }
            },
            "notification-url": "https://packagist.org/downloads/",
            "license": [
                "MIT"
            ],
            "authors": [
                {
                    "name": "Spencer Rinehart",
                    "email": "anubis@overthemonkey.com",
                    "role": "Developer"
                }
            ],
            "description": "A library to create interesting, sometimes entertaining, random names.",
            "keywords": [
                "alliteration",
                "generator",
                "random",
                "video game"
            ],
            "support": {
                "issues": "https://github.com/nubs/random-name-generator/issues",
                "source": "https://github.com/nubs/random-name-generator/tree/v2.2.0"
            },
            "time": "2021-01-12T13:46:08+00:00"
        }
    ],
    "packages-dev": [],
    "aliases": [],
    "minimum-stability": "stable",
    "stability-flags": [],
    "prefer-stable": false,
    "prefer-lowest": false,
    "platform": {
        "ext-json": "*",
        "ext-simplexml": "*",
        "ext-libxml": "*"
    },
    "platform-dev": [],
    "plugin-api-version": "2.0.0"
}
